
Microsoft Visual Studio Solution File, Format Version 12.00
# Visual Studio Version 17
VisualStudioVersion = 17.5.002.0
MinimumVisualStudioVersion = 10.0.40219.1
Project("{9A19103F-16F7-4668-BE54-9A1E7A4F7556}") = "ParserCombinatorConsole", "ParserCombinatorConsole.csproj", "{139720C8-E316-4DB1-B425-2E9B2C127FD3}"
EndProject
Global
	GlobalSection(SolutionConfigurationPlatforms) = preSolution
		Debug|Any CPU = Debug|Any CPU
		Release|Any CPU = Release|Any CPU
	EndGlobalSection
	GlobalSection(ProjectConfigurationPlatforms) = postSolution
		{139720C8-E316-4DB1-B425-2E9B2C127FD3}.Debug|Any CPU.ActiveCfg = Debug|Any CPU
		{139720C8-E316-4DB1-B425-2E9B2C127FD3}.Debug|Any CPU.Build.0 = Debug|Any CPU
		{139720C8-E316-4DB1-B425-2E9B2C127FD3}.Release|Any CPU.ActiveCfg = Release|Any CPU
		{139720C8-E316-4DB1-B425-2E9B2C127FD3}.Release|Any CPU.Build.0 = Release|Any CPU
	EndGlobalSection
	GlobalSection(SolutionProperties) = preSolution
		HideSolutionNode = FALSE
	EndGlobalSection
	GlobalSection(ExtensibilityGlobals) = postSolution
		SolutionGuid = {13E5DE60-26DD-4174-955C-AAE0FCA946DD}
	EndGlobalSection
EndGlobal
